
Microsoft Visual Studio Solution File, Format Version 12.00
Project("{FAE04EC0-301F-11D3-BF4B-00C04F79EFBC}") = "ReallySimple", "ReallySimple\ReallySimple.csproj", "{D090ED01-EBD8-4C4F-B802-68A4A2D69540}"
EndProject
Project("{FAE04EC0-301F-11D3-BF4B-00C04F79EFBC}") = "ExplicitJoinTable", "ExplicitJoinTable\ExplicitJoinTable.csproj", "{A3E1286C-BF8A-4204-A54D-C1B58424244C}"
EndProject
Global
	GlobalSection(SolutionConfigurationPlatforms) = preSolution
		Debug|Any CPU = Debug|Any CPU
		Release|Any CPU = Release|Any CPU
	EndGlobalSection
	GlobalSection(ProjectConfigurationPlatforms) = postSolution
		{D090ED01-EBD8-4C4F-B802-68A4A2D69540}.Debug|Any CPU.ActiveCfg = Debug|Any CPU
		{D090ED01-EBD8-4C4F-B802-68A4A2D69540}.Debug|Any CPU.Build.0 = Debug|Any CPU
		{D090ED01-EBD8-4C4F-B802-68A4A2D69540}.Release|Any CPU.ActiveCfg = Release|Any CPU
		{D090ED01-EBD8-4C4F-B802-68A4A2D69540}.Release|Any CPU.Build.0 = Release|Any CPU
		{A3E1286C-BF8A-4204-A54D-C1B58424244C}.Debug|Any CPU.ActiveCfg = Debug|Any CPU
		{A3E1286C-BF8A-4204-A54D-C1B58424244C}.Debug|Any CPU.Build.0 = Debug|Any CPU
		{A3E1286C-BF8A-4204-A54D-C1B58424244C}.Release|Any CPU.ActiveCfg = Release|Any CPU
		{A3E1286C-BF8A-4204-A54D-C1B58424244C}.Release|Any CPU.Build.0 = Release|Any CPU
	EndGlobalSection
EndGlobal
